{
    "name": "node-red-project",
    "version": "0.0.1",
    "lockfileVersion": 3,
    "requires": true,
    "packages": {
        "": {
            "name": "node-red-project",
            "version": "0.0.1",
            "dependencies": {
                "@nachyn/node-red-contrib-amqp": "~2.4.5",
                "node-red-contrib-postgresql": "~0.16.2",
                "node-red-contrib-redis": "~1.4.0"
            }
        },
        "node_modules/@ioredis/commands": {
            "version": "1.10.0",
            "resolved": "https://registry.npmjs.org/@ioredis/commands/-/commands-1.10.0.tgz",
            "integrity": "sha512-UmeW7z4LfctwoQ5wkhVzgq8tXkreED2xZGpX+Bg+zA+WJFZCT6c062AfCK/Dfk81xZnnwdhJCUMkitihRaoC2Q==",
            "license": "MIT"
        },
        "node_modules/@nachyn/node-red-contrib-amqp": {
            "version": "2.4.5",
            "resolved": "https://registry.npmjs.org/@nachyn/node-red-contrib-amqp/-/node-red-contrib-amqp-2.4.5.tgz",
            "integrity": "sha512-OsUJdzebgs3Q9KDnEkSbygsME1UrL3SLpwYcQfmxpvQ8ht7qHHyhoXPXaXtqF1en0RQ+k3JwagGxzcCUMrTfJw==",
            "license": "ISC",
            "dependencies": {
                "amqplib": "^0.10.8",
                "lodash.clonedeep": "^4.5.0",
                "rimraf": "^3.0.2",
                "uuid": "^8.3.2"
            }
        },
        "node_modules/amqplib": {
            "version": "0.10.9",
            "resolved": "https://registry.npmjs.org/amqplib/-/amqplib-0.10.9.tgz",
            "integrity": "sha512-jwSftI4QjS3mizvnSnOrPGYiUnm1vI2OP1iXeOUz5pb74Ua0nbf6nPyyTzuiCLEE3fMpaJORXh2K/TQ08H5xGA==",
            "license": "MIT",
            "dependencies": {
                "buffer-more-ints": "~1.0.0",
                "url-parse": "~1.5.10"
            },
            "engines": {
                "node": ">=10"
            }
        },
        "node_modules/async": {
            "version": "3.2.6",
            "resolved": "https://registry.npmjs.org/async/-/async-3.2.6.tgz",
            "integrity": "sha512-htCUDlxyyCLMgaM3xXg0C0LW2xqfuQ6p05pCEIsXuyQ+a1koYKTuBMzRNwmybfLgvJDMd0r1LTn4+E0Ti6C2AA==",
            "license": "MIT"
        },
        "node_modules/balanced-match": {
            "version": "1.0.2",
            "resolved": "https://registry.npmjs.org/balanced-match/-/balanced-match-1.0.2.tgz",
            "integrity": "sha512-3oSeUO0TMV67hN1AmbXsK4yaqU7tjiHlbxRDZOpH0KW9+CeX4bRAaX0Anxt0tx2MrpRpWwQaPwIlISEJhYU5Pw==",
            "license": "MIT"
        },
        "node_modules/brace-expansion": {
            "version": "1.1.21",
            "resolved": "https://registry.npmjs.org/brace-expansion/-/brace-expansion-1.1.21.tgz",
            "integrity": "sha512-9zeA+KLZNNzglF2TPKRQEDyx6Yby7daAkuy8MiPzpXPsYDWi/DRM8jmwUDxokQjYqBpv5DgPiwD4h4ZZSy1Ujw==",
            "license": "MIT",
            "dependencies": {
                "balanced-match": "^1.0.0",
                "concat-map": "0.0.1"
            }
        },
        "node_modules/buffer-more-ints": {
            "version": "1.0.0",
            "resolved": "https://registry.npmjs.org/buffer-more-ints/-/buffer-more-ints-1.0.0.tgz",
            "integrity": "sha512-EMetuGFz5SLsT0QTnXzINh4Ksr+oo4i+UGTXEshiGCQWnsgSs7ZhJ8fzlwQ+OzEMs0MpDAMr1hxnblp5a4vcHg==",
            "license": "MIT"
        },
        "node_modules/cluster-key-slot": {
            "version": "1.1.1",
            "resolved": "https://registry.npmjs.org/cluster-key-slot/-/cluster-key-slot-1.1.1.tgz",
            "integrity": "sha512-rwHwUfXL40Chm1r08yrhU3qpUvdVlgkKNeyeGPOxnW8/SyVDvgRaed/Uz54AqWNaTCAThlj6QAs3TZcKI0xDEw==",
            "license": "Apache-2.0",
            "engines": {
                "node": ">=0.10.0"
            }
        },
        "node_modules/concat-map": {
            "version": "0.0.1",
            "resolved": "https://registry.npmjs.org/concat-map/-/concat-map-0.0.1.tgz",
            "integrity": "sha512-/Srv4dswyQNBfohGpz9o6Yb3Gz3SrUDqBH5rTuhGR7ahtlbYKnVxw2bCFMRljaA7EXHaXZ8wsHdodFvbkhKmqg==",
            "license": "MIT"
        },
        "node_modules/debug": {
            "version": "4.4.3",
            "resolved": "https://registry.npmjs.org/debug/-/debug-4.4.3.tgz",
            "integrity": "sha512-RGwwWnwQvkVfavKVt22FGLw+xYSdzARwm0ru6DhTVA3umU5hZc28V3kO4stgYryrTlLpuvgI9GiijltAjNbcqA==",
            "license": "MIT",
            "dependencies": {
                "ms": "^2.1.3"
            },
            "engines": {
                "node": ">=6.0"
            },
            "peerDependenciesMeta": {
                "supports-color": {
                    "optional": true
                }
            }
        },
        "node_modules/denque": {
            "version": "2.1.0",
            "resolved": "https://registry.npmjs.org/denque/-/denque-2.1.0.tgz",
            "integrity": "sha512-HVQE3AAb/pxF8fQAoiqpvg9i3evqug3hoiwakOyZAwJm+6vZehbkYXZ0l4JxS+I3QxM97v5aaRNhj8v5oBhekw==",
            "license": "Apache-2.0",
            "engines": {
                "node": ">=0.10"
            }
        },
        "node_modules/fs.realpath": {
            "version": "1.0.0",
            "resolved": "https://registry.npmjs.org/fs.realpath/-/fs.realpath-1.0.0.tgz",
            "integrity": "sha512-OO0pH2lK6a0hZnAdau5ItzHPI6pUlvI7jMVnxUQRtw4owF2wk8lOSabtGDCTP4Ggrg2MbGnWO9X8K1t4+fGMDw==",
            "license": "ISC"
        },
        "node_modules/glob": {
            "version": "7.2.3",
            "resolved": "https://registry.npmjs.org/glob/-/glob-7.2.3.tgz",
            "integrity": "sha512-nFR0zLpU2YCaRxwoCJvL6UvCH2JFyFVIvwTLsIf21AuHlMskA1hhTdk+LlYJtOlYt9v6dvszD2BGRqBL+iQK9Q==",
            "deprecated": "Old versions of glob are not supported, and contain widely publicized security vulnerabilities, which have been fixed in the current version. Please update. Support for old versions may be purchased (at exorbitant rates) by contacting i@izs.me",
            "license": "ISC",
            "dependencies": {
                "fs.realpath": "^1.0.0",
                "inflight": "^1.0.4",
                "inherits": "2",
                "minimatch": "^3.1.1",
                "once": "^1.3.0",
                "path-is-absolute": "^1.0.0"
            },
            "engines": {
                "node": "*"
            },
            "funding": {
                "url": "https://github.com/sponsors/isaacs"
            }
        },
        "node_modules/inflight": {
            "version": "1.0.6",
            "resolved": "https://registry.npmjs.org/inflight/-/inflight-1.0.6.tgz",
            "integrity": "sha512-k92I/b08q4wvFscXCLvqfsHCrjrF7yiXsQuIVvVE7N82W3+aqpzuUdBbfhWcy/FZR3/4IgflMgKLOsvPDrGCJA==",
            "deprecated": "This module is not supported, and leaks memory. Do not use it. Check out lru-cache if you want a good and tested way to coalesce async requests by a key value, which is much more comprehensive and powerful.",
            "license": "ISC",
            "dependencies": {
                "once": "^1.3.0",
                "wrappy": "1"
            }
        },
        "node_modules/inherits": {
            "version": "2.0.4",
            "resolved": "https://registry.npmjs.org/inherits/-/inherits-2.0.4.tgz",
            "integrity": "sha512-k/vGaX4/Yla3WzyMCvTQOXYeIHvqOKtnqBduzTHpzpQZzAskKMhZ2K+EnBiSM9zGSoIFeMpXKxa4dYeZIQqewQ==",
            "license": "ISC"
        },
        "node_modules/ioredis": {
            "version": "5.11.1",
            "resolved": "https://registry.npmjs.org/ioredis/-/ioredis-5.11.1.tgz",
            "integrity": "sha512-ehuGcf94bQXhfagULNXrJdfnWO38v070jxSx/qE87Kjzmu2fU7ro5EFAb+OPituLqgfyuQaym5DlrNydW2sJ9A==",
            "license": "MIT",
            "dependencies": {
                "@ioredis/commands": "1.10.0",
                "cluster-key-slot": "1.1.1",
                "debug": "4.4.3",
                "denque": "2.1.0",
                "redis-errors": "1.2.0",
                "redis-parser": "3.0.0",
                "standard-as-callback": "2.1.0"
            },
            "engines": {
                "node": ">=12.22.0"
            },
            "funding": {
                "type": "opencollective",
                "url": "https://opencollective.com/ioredis"
            }
        },
        "node_modules/lodash.clonedeep": {
            "version": "4.5.0",
            "resolved": "https://registry.npmjs.org/lodash.clonedeep/-/lodash.clonedeep-4.5.0.tgz",
            "integrity": "sha512-H5ZhCF25riFd9uB5UCkVKo61m3S/xZk1x4wA6yp/L3RFP6Z/eHH1ymQcGLo7J3GMPfm0V/7m1tryHuGVxpqEBQ==",
            "license": "MIT"
        },
        "node_modules/minimatch": {
            "version": "3.1.5",
            "resolved": "https://registry.npmjs.org/minimatch/-/minimatch-3.1.5.tgz",
            "integrity": "sha512-VgjWUsnnT6n+NUk6eZq77zeFdpW2LWDzP6zFGrCbHXiYNul5Dzqk2HHQ5uFH2DNW5Xbp8+jVzaeNt94ssEEl4w==",
            "license": "ISC",
            "dependencies": {
                "brace-expansion": "^1.1.7"
            },
            "engines": {
                "node": "*"
            }
        },
        "node_modules/ms": {
            "version": "2.1.3",
            "resolved": "https://registry.npmjs.org/ms/-/ms-2.1.3.tgz",
            "integrity": "sha512-6FlzubTLZG3J2a/NVCAleEhjzq5oxgHyaCU9yYXvcLsvoVaHJq/s5xXI6/XXP6tz7R9xAOtHnSO/tXtF3WRTlA==",
            "license": "MIT"
        },
        "node_modules/mustache": {
            "version": "4.2.0",
            "resolved": "https://registry.npmjs.org/mustache/-/mustache-4.2.0.tgz",
            "integrity": "sha512-71ippSywq5Yb7/tVYyGbkBggbU8H3u5Rz56fH60jGFgr8uHwxs+aSKeqmluIVzM0m0kB7xQjKS6qPfd0b2ZoqQ==",
            "license": "MIT",
            "bin": {
                "mustache": "bin/mustache"
            }
        },
        "node_modules/node-red-contrib-postgresql": {
            "version": "0.16.2",
            "resolved": "https://registry.npmjs.org/node-red-contrib-postgresql/-/node-red-contrib-postgresql-0.16.2.tgz",
            "integrity": "sha512-aPZBngjBgShW4YvK/cOFKPYyvgM2/1XFSBbTbjNN6kUc6aqIxIRGvyFwtgWRw5OnfcpKj/zq6y0Nc/HOTuyWAA==",
            "license": "Apache-2.0",
            "dependencies": {
                "mustache": "^4.2.0",
                "pg": "^8.22.0",
                "pg-cursor": "^2.21.0"
            },
            "engines": {
                "node": ">=8"
            }
        },
        "node_modules/node-red-contrib-redis": {
            "version": "1.4.0",
            "resolved": "https://registry.npmjs.org/node-red-contrib-redis/-/node-red-contrib-redis-1.4.0.tgz",
            "integrity": "sha512-FKrQKptjHxkhbwgV43ORgOeALGj2rIQjwj2tFC0djzEM1+L8fR3ds5YORK/T+n7TqNh2H8jKjQi+My7EzY+H/g==",
            "license": "MIT",
            "dependencies": {
                "async": "^3.2.0",
                "ioredis": "^5.4.1"
            }
        },
        "node_modules/once": {
            "version": "1.4.0",
            "resolved": "https://registry.npmjs.org/once/-/once-1.4.0.tgz",
            "integrity": "sha512-lNaJgI+2Q5URQBkccEKHTQOPaXdUxnZZElQTZY0MFUAuaEqe1E+Nyvgdz/aIyNi6Z9MzO5dv1H8n58/GELp3+w==",
            "license": "ISC",
            "dependencies": {
                "wrappy": "1"
            }
        },
        "node_modules/path-is-absolute": {
            "version": "1.0.1",
            "resolved": "https://registry.npmjs.org/path-is-absolute/-/path-is-absolute-1.0.1.tgz",
            "integrity": "sha512-AVbw3UJ2e9bq64vSaS9Am0fje1Pa8pbGqTTsmXfaIiMpnr5DlDhfJOuLj9Sf95ZPVDAUerDfEk88MPmPe7UCQg==",
            "license": "MIT",
            "engines": {
                "node": ">=0.10.0"
            }
        },
        "node_modules/pg": {
            "version": "8.23.0",
            "resolved": "https://registry.npmjs.org/pg/-/pg-8.23.0.tgz",
            "integrity": "sha512-Ip2EQCngowJLGOfCwkFhPXU7/ljlhn6Rxlmy4XYfL2Y+vyRM59+8uR2xqRWKdYmbXmxCFOAmKxBuSUCdF34qLg==",
            "license": "MIT",
            "dependencies": {
                "pg-connection-string": "^2.14.0",
                "pg-pool": "^3.14.0",
                "pg-protocol": "^1.16.0",
                "pg-types": "2.2.0",
                "pgpass": "1.0.5"
            },
            "engines": {
                "node": ">= 16.0.0"
            },
            "optionalDependencies": {
                "pg-cloudflare": "^1.4.0"
            },
            "peerDependencies": {
                "pg-native": ">=3.0.1"
            },
            "peerDependenciesMeta": {
                "pg-native": {
                    "optional": true
                }
            }
        },
        "node_modules/pg-cloudflare": {
            "version": "1.4.0",
            "resolved": "https://registry.npmjs.org/pg-cloudflare/-/pg-cloudflare-1.4.0.tgz",
            "integrity": "sha512-Vo7z/6rrQYxpNRylp4Tlob2elzbh+N/MOQbxFVWCxS7oEx6jF53GTJFxK2WWpKuBRkmiin4Mt+xofFDjx09R0A==",
            "license": "MIT",
            "optional": true
        },
        "node_modules/pg-connection-string": {
            "version": "2.14.0",
            "resolved": "https://registry.npmjs.org/pg-connection-string/-/pg-connection-string-2.14.0.tgz",
            "integrity": "sha512-XwWDGcLRGCXAR8F/AM5bG7Q+A3Wm2s6QeEjlOKZLlH3UYcguiqCWKyWXVag5TLTIjR7oOJUY8kcADaZgWPyLeg==",
            "license": "MIT"
        },
        "node_modules/pg-cursor": {
            "version": "2.22.0",
            "resolved": "https://registry.npmjs.org/pg-cursor/-/pg-cursor-2.22.0.tgz",
            "integrity": "sha512-knzXLKqarTjOvb3qDSW0JiGsazmxwEKXrqHfWRte7XUsOYccQRafn3BLnQobWwInkzFJSyOej8y8cQRh2z3kGw==",
            "license": "MIT",
            "peerDependencies": {
                "pg": "^8"
            }
        },
        "node_modules/pg-int8": {
            "version": "1.0.1",
            "resolved": "https://registry.npmjs.org/pg-int8/-/pg-int8-1.0.1.tgz",
            "integrity": "sha512-WCtabS6t3c8SkpDBUlb1kjOs7l66xsGdKpIPZsg4wR+B3+u9UAum2odSsF9tnvxg80h4ZxLWMy4pRjOsFIqQpw==",
            "license": "ISC",
            "engines": {
                "node": ">=4.0.0"
            }
        },
        "node_modules/pg-pool": {
            "version": "3.14.0",
            "resolved": "https://registry.npmjs.org/pg-pool/-/pg-pool-3.14.0.tgz",
            "integrity": "sha512-gKtPkFdQPU3DksooVLi9LsjZxrsBUZIpa+7aVx+LV5pNh0KzP4Zleud2po+ConrxbuXGBJ6Hfer6hdgpIBpBaw==",
            "license": "MIT",
            "peerDependencies": {
                "pg": ">=8.0"
            }
        },
        "node_modules/pg-protocol": {
            "version": "1.16.0",
            "resolved": "https://registry.npmjs.org/pg-protocol/-/pg-protocol-1.16.0.tgz",
            "integrity": "sha512-sILXutLVjCLjcDuOmvhX5e2Z4cS5qG/6Bu3VkpFwdf/633ElGLpEh9bgmuI5I4sqKqkifQiGyiCcx1HdtrK7tg==",
            "license": "MIT"
        },
        "node_modules/pg-types": {
            "version": "2.2.0",
            "resolved": "https://registry.npmjs.org/pg-types/-/pg-types-2.2.0.tgz",
            "integrity": "sha512-qTAAlrEsl8s4OiEQY69wDvcMIdQN6wdz5ojQiOy6YRMuynxenON0O5oCpJI6lshc6scgAY8qvJ2On/p+CXY0GA==",
            "license": "MIT",
            "dependencies": {
                "pg-int8": "1.0.1",
                "postgres-array": "~2.0.0",
                "postgres-bytea": "~1.0.0",
                "postgres-date": "~1.0.4",
                "postgres-interval": "^1.1.0"
            },
            "engines": {
                "node": ">=4"
            }
        },
        "node_modules/pgpass": {
            "version": "1.0.5",
            "resolved": "https://registry.npmjs.org/pgpass/-/pgpass-1.0.5.tgz",
            "integrity": "sha512-FdW9r/jQZhSeohs1Z3sI1yxFQNFvMcnmfuj4WBMUTxOrAyLMaTcE1aAMBiTlbMNaXvBCQuVi0R7hd8udDSP7ug==",
            "license": "MIT",
            "dependencies": {
                "split2": "^4.1.0"
            }
        },
        "node_modules/postgres-array": {
            "version": "2.0.0",
            "resolved": "https://registry.npmjs.org/postgres-array/-/postgres-array-2.0.0.tgz",
            "integrity": "sha512-VpZrUqU5A69eQyW2c5CA1jtLecCsN2U/bD6VilrFDWq5+5UIEVO7nazS3TEcHf1zuPYO/sqGvUvW62g86RXZuA==",
            "license": "MIT",
            "engines": {
                "node": ">=4"
            }
        },
        "node_modules/postgres-bytea": {
            "version": "1.0.1",
            "resolved": "https://registry.npmjs.org/postgres-bytea/-/postgres-bytea-1.0.1.tgz",
            "integrity": "sha512-5+5HqXnsZPE65IJZSMkZtURARZelel2oXUEO8rH83VS/hxH5vv1uHquPg5wZs8yMAfdv971IU+kcPUczi7NVBQ==",
            "license": "MIT",
            "engines": {
                "node": ">=0.10.0"
            }
        },
        "node_modules/postgres-date": {
            "version": "1.0.7",
            "resolved": "https://registry.npmjs.org/postgres-date/-/postgres-date-1.0.7.tgz",
            "integrity": "sha512-suDmjLVQg78nMK2UZ454hAG+OAW+HQPZ6n++TNDUX+L0+uUlLywnoxJKDou51Zm+zTCjrCl0Nq6J9C5hP9vK/Q==",
            "license": "MIT",
            "engines": {
                "node": ">=0.10.0"
            }
        },
        "node_modules/postgres-interval": {
            "version": "1.2.0",
            "resolved": "https://registry.npmjs.org/postgres-interval/-/postgres-interval-1.2.0.tgz",
            "integrity": "sha512-9ZhXKM/rw350N1ovuWHbGxnGh/SNJ4cnxHiM0rxE4VN41wsg8P8zWn9hv/buK00RP4WvlOyr/RBDiptyxVbkZQ==",
            "license": "MIT",
            "dependencies": {
                "xtend": "^4.0.0"
            },
            "engines": {
                "node": ">=0.10.0"
            }
        },
        "node_modules/querystringify": {
            "version": "2.2.0",
            "resolved": "https://registry.npmjs.org/querystringify/-/querystringify-2.2.0.tgz",
            "integrity": "sha512-FIqgj2EUvTa7R50u0rGsyTftzjYmv/a3hO345bZNrqabNqjtgiDMgmo4mkUjd+nzU5oF3dClKqFIPUKybUyqoQ==",
            "license": "MIT"
        },
        "node_modules/redis-errors": {
            "version": "1.2.0",
            "resolved": "https://registry.npmjs.org/redis-errors/-/redis-errors-1.2.0.tgz",
            "integrity": "sha512-1qny3OExCf0UvUV/5wpYKf2YwPcOqXzkwKKSmKHiE6ZMQs5heeE/c8eXK+PNllPvmjgAbfnsbpkGZWy8cBpn9w==",
            "license": "MIT",
            "engines": {
                "node": ">=4"
            }
        },
        "node_modules/redis-parser": {
            "version": "3.0.0",
            "resolved": "https://registry.npmjs.org/redis-parser/-/redis-parser-3.0.0.tgz",
            "integrity": "sha512-DJnGAeenTdpMEH6uAJRK/uiyEIH9WVsUmoLwzudwGJUwZPp80PDBWPHXSAGNPwNvIXAbe7MSUB1zQFugFml66A==",
            "license": "MIT",
            "dependencies": {
                "redis-errors": "^1.0.0"
            },
            "engines": {
                "node": ">=4"
            }
        },
        "node_modules/requires-port": {
            "version": "1.0.0",
            "resolved": "https://registry.npmjs.org/requires-port/-/requires-port-1.0.0.tgz",
            "integrity": "sha512-KigOCHcocU3XODJxsu8i/j8T9tzT4adHiecwORRQ0ZZFcp7ahwXuRU1m+yuO90C5ZUyGeGfocHDI14M3L3yDAQ==",
            "license": "MIT"
        },
        "node_modules/rimraf": {
            "version": "3.0.2",
            "resolved": "https://registry.npmjs.org/rimraf/-/rimraf-3.0.2.tgz",
            "integrity": "sha512-JZkJMZkAGFFPP2YqXZXPbMlMBgsxzE8ILs4lMIX/2o0L9UBw9O/Y3o6wFw/i9YLapcUJWwqbi3kdxIPdC62TIA==",
            "deprecated": "Rimraf versions prior to v4 are no longer supported",
            "license": "ISC",
            "dependencies": {
                "glob": "^7.1.3"
            },
            "bin": {
                "rimraf": "bin.js"
            },
            "funding": {
                "url": "https://github.com/sponsors/isaacs"
            }
        },
        "node_modules/split2": {
            "version": "4.2.0",
            "resolved": "https://registry.npmjs.org/split2/-/split2-4.2.0.tgz",
            "integrity": "sha512-UcjcJOWknrNkF6PLX83qcHM6KHgVKNkV62Y8a5uYDVv9ydGQVwAHMKqHdJje1VTWpljG0WYpCDhrCdAOYH4TWg==",
            "license": "ISC",
            "engines": {
                "node": ">= 10.x"
            }
        },
        "node_modules/standard-as-callback": {
            "version": "2.1.0",
            "resolved": "https://registry.npmjs.org/standard-as-callback/-/standard-as-callback-2.1.0.tgz",
            "integrity": "sha512-qoRRSyROncaz1z0mvYqIE4lCd9p2R90i6GxW3uZv5ucSu8tU7B5HXUP1gG8pVZsYNVaXjk8ClXHPttLyxAL48A==",
            "license": "MIT"
        },
        "node_modules/url-parse": {
            "version": "1.5.10",
            "resolved": "https://registry.npmjs.org/url-parse/-/url-parse-1.5.10.tgz",
            "integrity": "sha512-WypcfiRhfeUP9vvF0j6rw0J3hrWrw6iZv3+22h6iRMJ/8z1Tj6XfLP4DsUix5MhMPnXpiHDoKyoZ/bdCkwBCiQ==",
            "license": "MIT",
            "dependencies": {
                "querystringify": "^2.1.1",
                "requires-port": "^1.0.0"
            }
        },
        "node_modules/uuid": {
            "version": "8.3.2",
            "resolved": "https://registry.npmjs.org/uuid/-/uuid-8.3.2.tgz",
            "integrity": "sha512-+NYs2QeMWy+GWFOEm9xnn6HCDp0l7QBD7ml8zLUmJ+93Q5NF0NocErnwkTkXVFNiX3/fpC6afS8Dhb/gz7R7eg==",
            "deprecated": "uuid@10 and below is no longer supported.  For ESM codebases, update to uuid@latest.  For CommonJS codebases, use uuid@11 (but be aware this version will likely be deprecated in 2028).",
            "license": "MIT",
            "bin": {
                "uuid": "dist/bin/uuid"
            }
        },
        "node_modules/wrappy": {
            "version": "1.0.2",
            "resolved": "https://registry.npmjs.org/wrappy/-/wrappy-1.0.2.tgz",
            "integrity": "sha512-l4Sp/DRseor9wL6EvV2+TuQn63dMkPjZ/sp9XkghTEbV9KlPS1xUsZ3u7/IQO4wxtcFB4bgpQPRcR3QCvezPcQ==",
            "license": "ISC"
        },
        "node_modules/xtend": {
            "version": "4.0.2",
            "resolved": "https://registry.npmjs.org/xtend/-/xtend-4.0.2.tgz",
            "integrity": "sha512-LKYU1iAXJXUgAXn9URjiu+MWhyUXHsvfp7mcuYm9dSUKK0/CjtrUwFAxD82/mCWbtLsGjFIad0wIsod4zrTAEQ==",
            "license": "MIT",
            "engines": {
                "node": ">=0.4"
            }
        }
    }
}
